
Microsoft Visual Studio Solution File, Format Version 12.00
# Visual Studio 2012
Project("{FAE04EC0-301F-11D3-BF4B-00C04F79EFBC}") = "TemplateMVCApp.Web", "TemplateMVCApp\TemplateMVCApp.Web.csproj", "{4FB325B3-A4DA-4FCA-90B1-50F4DB5DC75E}"
EndProject
Global
	GlobalSection(SolutionConfigurationPlatforms) = preSolution
		Debug|Any CPU = Debug|Any CPU
		Release|Any CPU = Release|Any CPU
	EndGlobalSection
	GlobalSection(ProjectConfigurationPlatforms) = postSolution
		{4FB325B3-A4DA-4FCA-90B1-50F4DB5DC75E}.Debug|Any CPU.ActiveCfg = Debug|Any CPU
		{4FB325B3-A4DA-4FCA-90B1-50F4DB5DC75E}.Debug|Any CPU.Build.0 = Debug|Any CPU
		{4FB325B3-A4DA-4FCA-90B1-50F4DB5DC75E}.Release|Any CPU.ActiveCfg = Release|Any CPU
		{4FB325B3-A4DA-4FCA-90B1-50F4DB5DC75E}.Release|Any CPU.Build.0 = Release|Any CPU
	EndGlobalSection
	GlobalSection(SolutionProperties) = preSolution
		HideSolutionNode = FALSE
	EndGlobalSection
EndGlobal
